{
  "projects": [
    {
      "projectId": "r3ASNrnyvLLLAtDvzUioQ",
      "version": "2.1.1",
      "dependencies": {},
      "lang": "ts",
      "fileLocks": [
        {
          "type": "globalVariant",
          "assetId": "QvtMAh6IevC",
          "checksum": "b4c14f1981e55253b9162627749eab51"
        },
        {
          "assetId": "r3ASNrnyvLLLAtDvzUioQ",
          "type": "projectCss",
          "checksum": "1ed80188487ebdfcf825864934d0c993"
        }
      ],
      "codegenVersion": "0.0.1"
    },
    {
      "projectId": "hjKYmYi6HMwK6TRyk7ew5R",
      "version": "6.1.2",
      "dependencies": {},
      "lang": "ts",
      "fileLocks": [
        {
          "assetId": "hjKYmYi6HMwK6TRyk7ew5R",
          "type": "projectCss",
          "checksum": "f61322224299df651eaf5b179582ec07"
        },
        {
          "assetId": "hjKYmYi6HMwK6TRyk7ew5R",
          "checksum": "a5e2e0b0a2e5f40c2713b2640306e5ec",
          "type": "globalContexts"
        }
      ],
      "codegenVersion": "0.0.1"
    },
    {
      "projectId": "caTPwKxj5ZrD9LQ7DMdK4Z",
      "version": "2.2.1",
      "dependencies": {},
      "lang": "ts",
      "fileLocks": [
        {
          "type": "globalVariant",
          "assetId": "q2e6W8ulGYz",
          "checksum": "c0cddb7dd09c65236628d522d52af1a3"
        },
        {
          "assetId": "caTPwKxj5ZrD9LQ7DMdK4Z",
          "type": "projectCss",
          "checksum": "01ebcf70a051dcbfad8268ecd0dac58a"
        }
      ],
      "codegenVersion": "0.0.1"
    },
    {
      "projectId": "58GpZjZCWTaJ8AUhpCwt2K",
      "version": "2.1.2",
      "dependencies": {},
      "lang": "ts",
      "fileLocks": [
        {
          "assetId": "58GpZjZCWTaJ8AUhpCwt2K",
          "type": "projectCss",
          "checksum": "b9208ebde07664c511843b91e5845954"
        }
      ],
      "codegenVersion": "0.0.1"
    },
    {
      "projectId": "28Ba3BDvRe7EiWdfFNnLB6",
      "version": "2.0.1",
      "dependencies": {},
      "lang": "ts",
      "fileLocks": [
        {
          "assetId": "28Ba3BDvRe7EiWdfFNnLB6",
          "type": "projectCss",
          "checksum": "06dab28be1d7e0fe1dcd6bae7d78adeb"
        }
      ],
      "codegenVersion": "0.0.1"
    },
    {
      "projectId": "n7PMUCBoe1fA7rXcBRi5FH",
      "version": "latest",
      "dependencies": {
        "28Ba3BDvRe7EiWdfFNnLB6": "2.0.1",
        "58GpZjZCWTaJ8AUhpCwt2K": "2.1.2",
        "caTPwKxj5ZrD9LQ7DMdK4Z": "2.2.1",
        "hjKYmYi6HMwK6TRyk7ew5R": "6.1.2",
        "r3ASNrnyvLLLAtDvzUioQ": "2.1.1"
      },
      "lang": "ts",
      "fileLocks": [
        {
          "type": "globalVariant",
          "assetId": "6JfnloVhzca",
          "checksum": "7b933d559d93ada79e9f3bbc2d40472c"
        },
        {
          "type": "globalVariant",
          "assetId": "6kh8yHmGU7",
          "checksum": "1a1fe7ee4cda0a06c08b851e4fc03597"
        },
        {
          "type": "globalVariant",
          "assetId": "u_jtTzSEy4",
          "checksum": "2d33591ac92f6696e86f474ba9e5f9dc"
        },
        {
          "assetId": "n7PMUCBoe1fA7rXcBRi5FH",
          "checksum": "89ffb0663c90afb4f962d4fd182627c0",
          "type": "globalContexts"
        },
        {
          "type": "renderModule",
          "assetId": "0Cs83jW1CV",
          "checksum": "591f70f74a16cf2c0eed5563726c2c32"
        },
        {
          "type": "cssRules",
          "assetId": "0Cs83jW1CV",
          "checksum": "591f70f74a16cf2c0eed5563726c2c32"
        },
        {
          "type": "renderModule",
          "assetId": "orBaiNbMMn",
          "checksum": "3980e7912f09b4e81472c6859e65b539"
        },
        {
          "type": "cssRules",
          "assetId": "orBaiNbMMn",
          "checksum": "3980e7912f09b4e81472c6859e65b539"
        },
        {
          "type": "renderModule",
          "assetId": "1_U0ytxYfx",
          "checksum": "affe81eab13f9798b9f38a0b176bb599"
        },
        {
          "type": "cssRules",
          "assetId": "1_U0ytxYfx",
          "checksum": "affe81eab13f9798b9f38a0b176bb599"
        },
        {
          "type": "renderModule",
          "assetId": "nY2U_rP0qI",
          "checksum": "019cb85fa256d9cc98c73fc278498afd"
        },
        {
          "type": "cssRules",
          "assetId": "nY2U_rP0qI",
          "checksum": "019cb85fa256d9cc98c73fc278498afd"
        },
        {
          "type": "renderModule",
          "assetId": "iZavS5akl9G",
          "checksum": "0c3978021c4115351fd2bc31f5677122"
        },
        {
          "type": "cssRules",
          "assetId": "iZavS5akl9G",
          "checksum": "0c3978021c4115351fd2bc31f5677122"
        },
        {
          "type": "renderModule",
          "assetId": "fl4IwtHf9j",
          "checksum": "1ed6b24d8a194572a57178f8de1289b7"
        },
        {
          "type": "cssRules",
          "assetId": "fl4IwtHf9j",
          "checksum": "1ed6b24d8a194572a57178f8de1289b7"
        },
        {
          "type": "renderModule",
          "assetId": "Icw6OCd19wm",
          "checksum": "f582258747726245ee0692499627b365"
        },
        {
          "type": "cssRules",
          "assetId": "Icw6OCd19wm",
          "checksum": "f582258747726245ee0692499627b365"
        },
        {
          "type": "renderModule",
          "assetId": "eAySFtM0VM",
          "checksum": "7700b089d5585b0795d92553f97be246"
        },
        {
          "type": "cssRules",
          "assetId": "eAySFtM0VM",
          "checksum": "7700b089d5585b0795d92553f97be246"
        },
        {
          "type": "renderModule",
          "assetId": "NmsoqYlDjvj",
          "checksum": "37360534f1a3a1b6b7ee7028f80e46b3"
        },
        {
          "type": "cssRules",
          "assetId": "NmsoqYlDjvj",
          "checksum": "37360534f1a3a1b6b7ee7028f80e46b3"
        },
        {
          "type": "renderModule",
          "assetId": "jGkDgrZ3Zc",
          "checksum": "dc8d2b8662e322b0f86297b7c6f1dcd9"
        },
        {
          "type": "cssRules",
          "assetId": "jGkDgrZ3Zc",
          "checksum": "dc8d2b8662e322b0f86297b7c6f1dcd9"
        },
        {
          "type": "renderModule",
          "assetId": "B3n69D-dXe",
          "checksum": "d5b4d2d826c57ff9c3559bb9ee87d390"
        },
        {
          "type": "cssRules",
          "assetId": "B3n69D-dXe",
          "checksum": "d5b4d2d826c57ff9c3559bb9ee87d390"
        },
        {
          "type": "renderModule",
          "assetId": "vtUxvx0C36",
          "checksum": "94ec527593742d34f4dccbd93ec5e699"
        },
        {
          "type": "cssRules",
          "assetId": "vtUxvx0C36",
          "checksum": "94ec527593742d34f4dccbd93ec5e699"
        },
        {
          "type": "renderModule",
          "assetId": "U80zj0B330",
          "checksum": "9f04f8abccccb752293c72a620a2c4e2"
        },
        {
          "type": "cssRules",
          "assetId": "U80zj0B330",
          "checksum": "9f04f8abccccb752293c72a620a2c4e2"
        },
        {
          "type": "renderModule",
          "assetId": "CUHfzwZLCQ",
          "checksum": "3dec8707b444067b403eb890829aa797"
        },
        {
          "type": "cssRules",
          "assetId": "CUHfzwZLCQ",
          "checksum": "3dec8707b444067b403eb890829aa797"
        },
        {
          "type": "renderModule",
          "assetId": "cwOpUPrWbw",
          "checksum": "5f57910eece8f7570820206486dbb51e"
        },
        {
          "type": "cssRules",
          "assetId": "cwOpUPrWbw",
          "checksum": "5f57910eece8f7570820206486dbb51e"
        },
        {
          "type": "renderModule",
          "assetId": "QtFNmW8QSW",
          "checksum": "9d325a217495d6ee9a460a2271bdafc6"
        },
        {
          "type": "cssRules",
          "assetId": "QtFNmW8QSW",
          "checksum": "9d325a217495d6ee9a460a2271bdafc6"
        },
        {
          "type": "renderModule",
          "assetId": "TsHwP6Mnb0",
          "checksum": "463f9a227c1f19b3eab322eaaebb024d"
        },
        {
          "type": "cssRules",
          "assetId": "TsHwP6Mnb0",
          "checksum": "463f9a227c1f19b3eab322eaaebb024d"
        },
        {
          "type": "renderModule",
          "assetId": "kpy9f9nBnCX",
          "checksum": "5e44b34bdf28eb304464d7760722bbe3"
        },
        {
          "type": "cssRules",
          "assetId": "kpy9f9nBnCX",
          "checksum": "5e44b34bdf28eb304464d7760722bbe3"
        },
        {
          "type": "renderModule",
          "assetId": "xqQ-vlrsqC",
          "checksum": "e46899645d0efff7071ce35a83416276"
        },
        {
          "type": "cssRules",
          "assetId": "xqQ-vlrsqC",
          "checksum": "e46899645d0efff7071ce35a83416276"
        },
        {
          "type": "renderModule",
          "assetId": "kMAT7d_nPjC",
          "checksum": "d45cbb5f079d33ee7e75e4cbf3b710de"
        },
        {
          "type": "cssRules",
          "assetId": "kMAT7d_nPjC",
          "checksum": "d45cbb5f079d33ee7e75e4cbf3b710de"
        },
        {
          "type": "renderModule",
          "assetId": "npcGRLM8U0",
          "checksum": "d85d348274bd407e4ad7fa079d045589"
        },
        {
          "type": "cssRules",
          "assetId": "npcGRLM8U0",
          "checksum": "d85d348274bd407e4ad7fa079d045589"
        },
        {
          "type": "renderModule",
          "assetId": "foeFB4AFYU",
          "checksum": "bac3c2b97c7638734dfc2dbbcf4f85b3"
        },
        {
          "type": "cssRules",
          "assetId": "foeFB4AFYU",
          "checksum": "bac3c2b97c7638734dfc2dbbcf4f85b3"
        },
        {
          "type": "renderModule",
          "assetId": "ujMYyQ6ohT",
          "checksum": "38ff0c657c396ffc49f6a882636dd33a"
        },
        {
          "type": "cssRules",
          "assetId": "ujMYyQ6ohT",
          "checksum": "38ff0c657c396ffc49f6a882636dd33a"
        },
        {
          "type": "renderModule",
          "assetId": "LQpMEikr_v",
          "checksum": "a9457168c90c68f2c12b8e2d5f5aedfc"
        },
        {
          "type": "cssRules",
          "assetId": "LQpMEikr_v",
          "checksum": "a9457168c90c68f2c12b8e2d5f5aedfc"
        },
        {
          "type": "renderModule",
          "assetId": "cqd80bWqUu",
          "checksum": "a9a9cf74774c60837daa8476bbc4d4ff"
        },
        {
          "type": "cssRules",
          "assetId": "cqd80bWqUu",
          "checksum": "a9a9cf74774c60837daa8476bbc4d4ff"
        },
        {
          "type": "renderModule",
          "assetId": "2BUkOjXfTp",
          "checksum": "985d26a9fad8a7e625a67a8af70b8ab3"
        },
        {
          "type": "cssRules",
          "assetId": "2BUkOjXfTp",
          "checksum": "985d26a9fad8a7e625a67a8af70b8ab3"
        },
        {
          "type": "renderModule",
          "assetId": "h3eELHaDYa",
          "checksum": "95a6d9abcf1ee2501e87ff44eb2853b4"
        },
        {
          "type": "cssRules",
          "assetId": "h3eELHaDYa",
          "checksum": "95a6d9abcf1ee2501e87ff44eb2853b4"
        },
        {
          "type": "renderModule",
          "assetId": "e2IxBg95DI",
          "checksum": "93616d1af1786e065662218565e4e0bb"
        },
        {
          "type": "cssRules",
          "assetId": "e2IxBg95DI",
          "checksum": "93616d1af1786e065662218565e4e0bb"
        },
        {
          "type": "renderModule",
          "assetId": "cDXtjZGycM",
          "checksum": "a771cc4b148cf75ec6f7c56fcce9b5d9"
        },
        {
          "type": "cssRules",
          "assetId": "cDXtjZGycM",
          "checksum": "a771cc4b148cf75ec6f7c56fcce9b5d9"
        },
        {
          "type": "renderModule",
          "assetId": "gg4CkjppNk",
          "checksum": "2124b58fce77ac9989d448a5c11f2f5e"
        },
        {
          "type": "cssRules",
          "assetId": "gg4CkjppNk",
          "checksum": "2124b58fce77ac9989d448a5c11f2f5e"
        },
        {
          "type": "renderModule",
          "assetId": "0peZ9VQ62W",
          "checksum": "422daeba00b5c472aba65aa653eaa154"
        },
        {
          "type": "cssRules",
          "assetId": "0peZ9VQ62W",
          "checksum": "422daeba00b5c472aba65aa653eaa154"
        },
        {
          "type": "renderModule",
          "assetId": "R4yARw0Col",
          "checksum": "07a4501d51edc7beac3b203516017f6b"
        },
        {
          "type": "cssRules",
          "assetId": "R4yARw0Col",
          "checksum": "07a4501d51edc7beac3b203516017f6b"
        },
        {
          "type": "renderModule",
          "assetId": "FBG1EzcxxU",
          "checksum": "36d659e64ae35f4bb87e9eaec9807dea"
        },
        {
          "type": "cssRules",
          "assetId": "FBG1EzcxxU",
          "checksum": "36d659e64ae35f4bb87e9eaec9807dea"
        },
        {
          "type": "renderModule",
          "assetId": "CBtIl4cHm9",
          "checksum": "8b74018c01064bfb8efc720343912217"
        },
        {
          "type": "cssRules",
          "assetId": "CBtIl4cHm9",
          "checksum": "8b74018c01064bfb8efc720343912217"
        },
        {
          "type": "renderModule",
          "assetId": "E7goz1mIfm",
          "checksum": "fbb104631f82bae50b0d78a1d2f7fcab"
        },
        {
          "type": "cssRules",
          "assetId": "E7goz1mIfm",
          "checksum": "fbb104631f82bae50b0d78a1d2f7fcab"
        },
        {
          "type": "renderModule",
          "assetId": "8lLvK4imIs",
          "checksum": "6e6479483120bc9d313fd4bdf0c089e4"
        },
        {
          "type": "cssRules",
          "assetId": "8lLvK4imIs",
          "checksum": "6e6479483120bc9d313fd4bdf0c089e4"
        },
        {
          "type": "renderModule",
          "assetId": "DitIOB-YbI8",
          "checksum": "c4bbf18c958abb488c940761f6578615"
        },
        {
          "type": "cssRules",
          "assetId": "DitIOB-YbI8",
          "checksum": "c4bbf18c958abb488c940761f6578615"
        },
        {
          "type": "renderModule",
          "assetId": "S75avsPWPCJ",
          "checksum": "fc1532ead247aa383588ddc0249ee18c"
        },
        {
          "type": "cssRules",
          "assetId": "S75avsPWPCJ",
          "checksum": "fc1532ead247aa383588ddc0249ee18c"
        },
        {
          "type": "renderModule",
          "assetId": "eyHaWC-7AlR",
          "checksum": "a2ee40bd2202943601f0bff603e0e2d6"
        },
        {
          "type": "cssRules",
          "assetId": "eyHaWC-7AlR",
          "checksum": "a2ee40bd2202943601f0bff603e0e2d6"
        },
        {
          "type": "renderModule",
          "assetId": "4lSZ00fGYuZ",
          "checksum": "8f946c12d3dad36c8c08c543dd9bb706"
        },
        {
          "type": "cssRules",
          "assetId": "4lSZ00fGYuZ",
          "checksum": "8f946c12d3dad36c8c08c543dd9bb706"
        },
        {
          "type": "renderModule",
          "assetId": "MaomdnhqAMH",
          "checksum": "4d49c3feac17ec7c6213c07a8296b4b7"
        },
        {
          "type": "cssRules",
          "assetId": "MaomdnhqAMH",
          "checksum": "4d49c3feac17ec7c6213c07a8296b4b7"
        },
        {
          "type": "renderModule",
          "assetId": "4iDpH75bAc",
          "checksum": "53fff49e9827b611c6817fb24ec5745e"
        },
        {
          "type": "cssRules",
          "assetId": "4iDpH75bAc",
          "checksum": "53fff49e9827b611c6817fb24ec5745e"
        },
        {
          "type": "renderModule",
          "assetId": "6cCQxsGyn8Z",
          "checksum": "75be9797abccfa4720c7d15480862cc5"
        },
        {
          "type": "cssRules",
          "assetId": "6cCQxsGyn8Z",
          "checksum": "75be9797abccfa4720c7d15480862cc5"
        },
        {
          "type": "renderModule",
          "assetId": "6rUEUjk3c5",
          "checksum": "f0d0cec2a1fd75268a3cb2f963154a5e"
        },
        {
          "type": "cssRules",
          "assetId": "6rUEUjk3c5",
          "checksum": "f0d0cec2a1fd75268a3cb2f963154a5e"
        },
        {
          "type": "renderModule",
          "assetId": "V8KmQ7KGSy",
          "checksum": "beadabe00953ed82ededf3c19fbcce60"
        },
        {
          "type": "cssRules",
          "assetId": "V8KmQ7KGSy",
          "checksum": "beadabe00953ed82ededf3c19fbcce60"
        },
        {
          "type": "renderModule",
          "assetId": "YFRpRP19Qn1",
          "checksum": "1cf2dad881c0f9c22aede8e597f67d55"
        },
        {
          "type": "cssRules",
          "assetId": "YFRpRP19Qn1",
          "checksum": "1cf2dad881c0f9c22aede8e597f67d55"
        },
        {
          "type": "renderModule",
          "assetId": "5U-Zs7sqEeG",
          "checksum": "935fa790d13d9bd8198abfac80b1bdca"
        },
        {
          "type": "cssRules",
          "assetId": "5U-Zs7sqEeG",
          "checksum": "935fa790d13d9bd8198abfac80b1bdca"
        },
        {
          "type": "icon",
          "assetId": "3A74jchFgbH",
          "checksum": "795365cac7b64a1d4f0d949fdbd29684"
        },
        {
          "type": "icon",
          "assetId": "wlgHpJCFNcv",
          "checksum": "6f642a1d3411b5ca4182465548ad85ec"
        },
        {
          "type": "icon",
          "assetId": "IIHwJZbxXF",
          "checksum": "da8e2ad8d975a8e1ceb6a0ee33f56a05"
        },
        {
          "type": "icon",
          "assetId": "aWDVA1m2pz",
          "checksum": "e6763b68aa10f78daf3d749cb9e27cef"
        },
        {
          "type": "icon",
          "assetId": "dW5neS3WkCi",
          "checksum": "55b131a29b93ab0869d8846371caff1f"
        },
        {
          "type": "icon",
          "assetId": "O8LjEO2Edap",
          "checksum": "e0bb2b3304eab3fa920c324a5646557f"
        },
        {
          "type": "icon",
          "assetId": "1OCB-HlIK5Z",
          "checksum": "9858daaf2987c97fb4652d52b9f859fc"
        },
        {
          "type": "icon",
          "assetId": "o-Yc5vaU3VW",
          "checksum": "362d61e195a01ffb4d667193d4a016fa"
        },
        {
          "type": "icon",
          "assetId": "RHF7_h6Nbk0",
          "checksum": "3b63a752f317e986eb59797d2a43b49a"
        },
        {
          "type": "icon",
          "assetId": "7I9cVdZlI5O",
          "checksum": "377a991b8ce9161cbb07ed18e4e532df"
        },
        {
          "type": "icon",
          "assetId": "MwLzW1BmIz",
          "checksum": "71052419b5c3b2c0d68d0dc3c1427963"
        },
        {
          "type": "icon",
          "assetId": "9ZfBiELqog9",
          "checksum": "12d353d90b6c74617954e81045fd14ae"
        },
        {
          "type": "icon",
          "assetId": "kYSFSARqY95",
          "checksum": "2aba76030c4d591fe051548566bf86fb"
        },
        {
          "type": "icon",
          "assetId": "KihUhiXqTKx",
          "checksum": "fd8a07d6112d372ed4b77fe3dcd39785"
        },
        {
          "type": "icon",
          "assetId": "xCxuE92vDyw",
          "checksum": "0c2de8f5728af2a81a726f6755d816fc"
        },
        {
          "type": "icon",
          "assetId": "ZH_n8HgSwZQ",
          "checksum": "616ff5dc226b30e007730802928038ac"
        },
        {
          "type": "icon",
          "assetId": "SgAzxeatqRv",
          "checksum": "8ef8ad3bcb14c0f2602b2b0c6f9b715a"
        },
        {
          "type": "icon",
          "assetId": "crhr8MbGSC1",
          "checksum": "28299c1ebfb3fbd71c4cacc77ca25441"
        },
        {
          "type": "icon",
          "assetId": "seUp9jdHXGK",
          "checksum": "fa975a4cb8901aa2087c7416acce8e16"
        },
        {
          "type": "icon",
          "assetId": "E6OUhK5mJ0",
          "checksum": "b59297ca7c8d51abdd9132c360a12ae0"
        },
        {
          "type": "icon",
          "assetId": "CWTyA7AvHz",
          "checksum": "1a645031f0bd4afb07ed69cd7f616de4"
        },
        {
          "type": "icon",
          "assetId": "0la5d7N-9dr",
          "checksum": "013caad3cd37ef4d25fa8f1a6e11d76f"
        },
        {
          "type": "icon",
          "assetId": "DmM9a4tknDU",
          "checksum": "1872577c71e8acd9a68f0dbb60645843"
        },
        {
          "type": "icon",
          "assetId": "vIWyRptZ5vF",
          "checksum": "0680677b656d9dc6bb71cb0f21b67185"
        },
        {
          "type": "icon",
          "assetId": "C_sA2mEQFKR",
          "checksum": "d78e7972ad715ef118331f1ea301b5c5"
        },
        {
          "type": "icon",
          "assetId": "PJ9tdiTN60x",
          "checksum": "297fbd0ee0765c8b46a3bffcb14e643f"
        },
        {
          "type": "icon",
          "assetId": "YWYHkOFwK8e",
          "checksum": "481cf4c013de4e1fddd0df55749431a1"
        },
        {
          "type": "icon",
          "assetId": "dMJucnoKZfD",
          "checksum": "29dc7bf37b5cc24d49733fa65c141546"
        },
        {
          "type": "icon",
          "assetId": "Sg5aRyU7-cr",
          "checksum": "ddd4f60e8e6a28a581e294fca530da39"
        },
        {
          "type": "icon",
          "assetId": "mWQ8Pw_ze5N",
          "checksum": "6aed6185c03cf2664e9410e104d552eb"
        },
        {
          "type": "icon",
          "assetId": "AjrLt0DvKC",
          "checksum": "b72f09d73f9d9a7ef56be6162bfabda5"
        },
        {
          "type": "icon",
          "assetId": "jIDykVXduK",
          "checksum": "5804b8707d4ccd853df80d13bfe03a45"
        },
        {
          "type": "icon",
          "assetId": "xN6ZjnSlmk9",
          "checksum": "23aa45a7c6a2f69375285efe807f0472"
        },
        {
          "type": "icon",
          "assetId": "JA5oJt2p-Ar",
          "checksum": "18f1679f4e7b57c5ec4034f8f6f0123c"
        },
        {
          "type": "icon",
          "assetId": "IZVjzxgdoXd",
          "checksum": "406532e4a0e7a844677c2e990499176a"
        },
        {
          "type": "icon",
          "assetId": "Nnkq0AXNM5f",
          "checksum": "7968bc1668068631ee932ff3757fe4d7"
        },
        {
          "type": "icon",
          "assetId": "nJJz8v-vgXJ",
          "checksum": "137ae047f6453ad3174025a2959c2e4c"
        },
        {
          "type": "icon",
          "assetId": "XeUS1lllRFD",
          "checksum": "21e5ba3a8bd25c528f2e7a30dfee15d0"
        },
        {
          "type": "icon",
          "assetId": "pBTLJ2TYJ",
          "checksum": "7203954b8a4743262414d8112b4c7ae7"
        },
        {
          "type": "icon",
          "assetId": "mReE8MohhS",
          "checksum": "5b4054fd8d7aca147939b11112f44760"
        },
        {
          "type": "icon",
          "assetId": "SGshoFEh9-",
          "checksum": "35d3c33c78c1a1cc9eafe51ecc3630d2"
        },
        {
          "type": "icon",
          "assetId": "_T9L2CLNkap",
          "checksum": "43aa89219fd7d3aa0fca63a432e70226"
        },
        {
          "type": "icon",
          "assetId": "6QvyLoSIFTo",
          "checksum": "65f6c754f9ab7344d3be5f81c93b2cab"
        },
        {
          "type": "icon",
          "assetId": "I_ox1S3dYqQ",
          "checksum": "93354badf1bc79c125a283f767a005b9"
        },
        {
          "type": "icon",
          "assetId": "UqAuhyDJLUG",
          "checksum": "27974b2696908689b8965249ec3a7477"
        },
        {
          "type": "icon",
          "assetId": "vlLIFr-9L2",
          "checksum": "2c7d3f26df39de933760a922e0124698"
        },
        {
          "type": "icon",
          "assetId": "Jda-nJZ2rQP",
          "checksum": "c0ec094eb84bb17b5328a181063d66dc"
        },
        {
          "type": "icon",
          "assetId": "N2zxThXiSq",
          "checksum": "1ec8fdc8fc7acf3c34fb0b59f27df0a3"
        },
        {
          "type": "icon",
          "assetId": "SgMwanWxm1",
          "checksum": "b4e48513a7c8280af3c83be3e9792d69"
        },
        {
          "type": "icon",
          "assetId": "0-rTnaDj68",
          "checksum": "e6eedb31066b8146ca201b0d9d256596"
        },
        {
          "type": "icon",
          "assetId": "kNFnVu4W7A",
          "checksum": "9822b55062ff1b985c3469d33e2c4f2d"
        },
        {
          "type": "icon",
          "assetId": "dtW5sCNu7WP",
          "checksum": "be69cce34d1e394797dd8706987ab8ba"
        },
        {
          "type": "icon",
          "assetId": "zGfmmTFBuGj",
          "checksum": "48f07fd4cd51c99ffac5265a359185ce"
        },
        {
          "type": "icon",
          "assetId": "zPwakZQFwR6",
          "checksum": "88658c2c2b00e65b78f04a7e597c0477"
        },
        {
          "type": "icon",
          "assetId": "J1DIAezmQVi",
          "checksum": "c0985086934fa10384f4362b386b8042"
        },
        {
          "type": "icon",
          "assetId": "p39g2VY8ZFW",
          "checksum": "6a63a1e932367e97df3decbf22c61470"
        },
        {
          "type": "icon",
          "assetId": "t6gJxeHnmOY",
          "checksum": "276d02e3f465469da7f9dac0f79c225a"
        },
        {
          "type": "icon",
          "assetId": "rr6rX77IeQ",
          "checksum": "1e665cfaae9c0ddf585db66f054806e6"
        },
        {
          "type": "icon",
          "assetId": "NDxdeS1D9v",
          "checksum": "c6fa4c26eb82ee49e1f88e968558f694"
        },
        {
          "type": "icon",
          "assetId": "asIZwQA4Ru",
          "checksum": "e8d0dc35bbbe21f2b78e6336ab75470b"
        },
        {
          "type": "icon",
          "assetId": "VNOzHnpaj8",
          "checksum": "b64d000517af6b9f796846c4b8455e00"
        },
        {
          "type": "icon",
          "assetId": "QK4w51wi7P",
          "checksum": "b31256fff001d54f298a507d497d88eb"
        },
        {
          "type": "icon",
          "assetId": "LwKmGdfm0K",
          "checksum": "bcee11b9b92ac6847d6061780e559bbb"
        },
        {
          "type": "icon",
          "assetId": "uNq3TB4M6",
          "checksum": "292c70c6f442c7ae9b0a155dcaf25edc"
        },
        {
          "type": "icon",
          "assetId": "aKA25FX0L4",
          "checksum": "73c3a720b97862fda73ea8203784ad77"
        },
        {
          "type": "icon",
          "assetId": "VHSY656UE9",
          "checksum": "222fd4e6249f7dfa482619bd40f57450"
        },
        {
          "type": "icon",
          "assetId": "aQ7cQkdB4R",
          "checksum": "508d145fb7cc98c8659e02e433028874"
        },
        {
          "type": "icon",
          "assetId": "pG4sSDhyeE",
          "checksum": "248ef0eb21139433d787ac2418f82940"
        },
        {
          "type": "icon",
          "assetId": "6p0qqqo0ZV",
          "checksum": "6fbb9ba286f475cf80aadd1cbff5fcdc"
        },
        {
          "type": "icon",
          "assetId": "oTpAtLD7U",
          "checksum": "082caabdd80eab7e2deb733847efc89e"
        },
        {
          "type": "icon",
          "assetId": "kqiAG-1cj",
          "checksum": "7e449cdef478c83df7e57ecbd3e6559e"
        },
        {
          "type": "icon",
          "assetId": "aHDcF0rlr",
          "checksum": "0f514544bd32045b9e1d97fd6d72533d"
        },
        {
          "type": "icon",
          "assetId": "-06QPZBxwS",
          "checksum": "48c10a5fe3ae946d60995df3763a4012"
        },
        {
          "type": "icon",
          "assetId": "4zSbjkX0HW",
          "checksum": "61ae8127aa6d455b469645fed83bb400"
        },
        {
          "type": "icon",
          "assetId": "_v3iQA6ilf",
          "checksum": "651a557d99895ece5acb3aba2b26c000"
        },
        {
          "type": "icon",
          "assetId": "fwPjlV3kW",
          "checksum": "bbebc66ab880b1f7f3b1a9f8db541d38"
        },
        {
          "type": "icon",
          "assetId": "WLLaN5a79",
          "checksum": "bd8b97753c74e9235490df85859b165a"
        },
        {
          "type": "icon",
          "assetId": "n5IM0xzJdW",
          "checksum": "4105d3a230e336afbca9615022b6e3f4"
        },
        {
          "type": "icon",
          "assetId": "nOuTboa_Dlh",
          "checksum": "4cbe41cfd15d6cd555b4c5cd4189dcb2"
        },
        {
          "type": "icon",
          "assetId": "3B9WTUTXgmB",
          "checksum": "ce5e7e914fc930109ff2c4d204766fe7"
        },
        {
          "type": "icon",
          "assetId": "RBe8jVTkg_",
          "checksum": "4c585c6e02ab28f0cd531779bdbb6a92"
        },
        {
          "type": "icon",
          "assetId": "IBkYg-I0Y",
          "checksum": "461821bc4c8916d2a41b61030e935d1f"
        },
        {
          "type": "icon",
          "assetId": "pAzBFcXsA",
          "checksum": "289a7a65fdd3ee47523447ae718a8cd4"
        },
        {
          "type": "icon",
          "assetId": "0JkQPOPIcV",
          "checksum": "41717583033d822758dd51ccfcc28292"
        },
        {
          "type": "icon",
          "assetId": "TkA8gbD-G",
          "checksum": "5e8acb50aec486dde0051f1bf69fea45"
        },
        {
          "type": "icon",
          "assetId": "JU3oeLTyS",
          "checksum": "a8a9c5461372c8adb75e88517eb52bae"
        },
        {
          "type": "icon",
          "assetId": "u9ToXHOYu",
          "checksum": "5de6cfa239da3663607568e63fa1a8ea"
        },
        {
          "type": "image",
          "assetId": "k_ELzLtYAd3",
          "checksum": "b4a68b02f2d5660178834d723bca1c02"
        },
        {
          "type": "image",
          "assetId": "vIwrtdF-D",
          "checksum": "f95831318b20f99cf641762a89b3bc03"
        },
        {
          "type": "image",
          "assetId": "O-A-6gWoa8d",
          "checksum": "97cf6cdd2c5a4789ef9c2b67fec78793"
        },
        {
          "type": "image",
          "assetId": "qoSeJ3BZAxG",
          "checksum": "46576013f6e9374fe3b85450a1e7ea6f"
        },
        {
          "type": "image",
          "assetId": "zUbGOQ1rZ",
          "checksum": "81a6e097c6fef3ba660fc0e76948b362"
        },
        {
          "type": "image",
          "assetId": "KfJIhRFNA88",
          "checksum": "9edb1bdc6ebaf404e0ca70f9f02dcd37"
        },
        {
          "type": "image",
          "assetId": "BbkMOYdGEC",
          "checksum": "2419cbed70ffc1a6728c51274079f1d6"
        },
        {
          "type": "image",
          "assetId": "TYRC2SihUCp",
          "checksum": "169b2d5755654857a3edf580fdabf428"
        },
        {
          "type": "image",
          "assetId": "aAcnP3qlnI",
          "checksum": "cfbd577e2ccadbd322aa4f5348a9f15c"
        },
        {
          "type": "image",
          "assetId": "0agkky2paVE",
          "checksum": "3847b7d7b938f6549688f6ec3ab651ea"
        },
        {
          "type": "image",
          "assetId": "_hU959uGB",
          "checksum": "e08af312e76d8d2e61a990e0dc16bab4"
        },
        {
          "type": "image",
          "assetId": "47GFOIEqN53",
          "checksum": "d53700d4221b9efd19b238c21c3e9729"
        },
        {
          "type": "image",
          "assetId": "nDLrSBMpzYQ",
          "checksum": "98d8e78d14fab075921245f47a70ffcd"
        },
        {
          "type": "image",
          "assetId": "utpl7xks5J",
          "checksum": "51edf4860ac53c4d88116a83baa70615"
        },
        {
          "type": "image",
          "assetId": "Cl1sOiE-Al",
          "checksum": "4d5af3b571a0a2973cb66d902bd06bb6"
        },
        {
          "type": "image",
          "assetId": "A9PW7C5Brz",
          "checksum": "071350c8cb4d0a227672fdff330d73de"
        },
        {
          "type": "image",
          "assetId": "9ga-X3Zih",
          "checksum": "0dbf78071d11c37363595fdbcc01f1ed"
        },
        {
          "type": "image",
          "assetId": "oykmmR1P2",
          "checksum": "19c53d78a0b3a6baa137f5deace95770"
        },
        {
          "assetId": "n7PMUCBoe1fA7rXcBRi5FH",
          "type": "projectCss",
          "checksum": "3cbd3c73dbd943b7beb681dad3eaea58"
        }
      ],
      "codegenVersion": "0.0.1"
    }
  ],
  "cliVersion": "0.1.176"
}
